// !$*UTF8*$!
{
	archiveVersion = 1;
	classes = {
	};
	objectVersion = 48;
	objects = {

/* Begin PBXBuildFile section */
		460024B11FF1380900D7667C /* GymPoiView.xib in Resources */ = {isa = PBXBuildFile; fileRef = 460024B01FF1380900D7667C /* GymPoiView.xib */; };
		460024B31FF1384D00D7667C /* GymPoiView.swift in Sources */ = {isa = PBXBuildFile; fileRef = 460024B21FF1384D00D7667C /* GymPoiView.swift */; };
		460024B61FF14B8700D7667C /* UIView+Nib.swift in Sources */ = {isa = PBXBuildFile; fileRef = 460024B51FF14B8700D7667C /* UIView+Nib.swift */; };
		461482081FEEADBB006466EE /* LaunchScreen.storyboard in Resources */ = {isa = PBXBuildFile; fileRef = 461482061FEEADBA006466EE /* LaunchScreen.storyboard */; };
		461482091FEEADBB006466EE /* Main.storyboard in Resources */ = {isa = PBXBuildFile; fileRef = 461482071FEEADBB006466EE /* Main.storyboard */; };
		461482111FEEAE0B006466EE /* ViewGymsOnMapPresenter.swift in Sources */ = {isa = PBXBuildFile; fileRef = 4614820B1FEEAE0B006466EE /* ViewGymsOnMapPresenter.swift */; };
		461482131FEEAE0B006466EE /* ViewGymsOnMapRouter.swift in Sources */ = {isa = PBXBuildFile; fileRef = 4614820D1FEEAE0B006466EE /* ViewGymsOnMapRouter.swift */; };
		461482151FEEAE0B006466EE /* ViewGymsOnMapViewController.swift in Sources */ = {isa = PBXBuildFile; fileRef = 4614820F1FEEAE0B006466EE /* ViewGymsOnMapViewController.swift */; };
		461482161FEEAE0B006466EE /* ViewGymsOnMapInteractor.swift in Sources */ = {isa = PBXBuildFile; fileRef = 461482101FEEAE0B006466EE /* ViewGymsOnMapInteractor.swift */; };
		4614821B1FEEB348006466EE /* gyms.json in Resources */ = {isa = PBXBuildFile; fileRef = 4614821A1FEEB348006466EE /* gyms.json */; };
		4614821E1FEEB3A3006466EE /* Coordinates.swift in Sources */ = {isa = PBXBuildFile; fileRef = 4614821D1FEEB3A3006466EE /* Coordinates.swift */; };
		461482201FEEB3B3006466EE /* Gym.swift in Sources */ = {isa = PBXBuildFile; fileRef = 4614821F1FEEB3B3006466EE /* Gym.swift */; };
		461482331FEEB64A006466EE /* GymsRepository.swift in Sources */ = {isa = PBXBuildFile; fileRef = 461482321FEEB64A006466EE /* GymsRepository.swift */; };
		461482361FEEB8EE006466EE /* GymsRepositoryTests.swift in Sources */ = {isa = PBXBuildFile; fileRef = 461482351FEEB8EE006466EE /* GymsRepositoryTests.swift */; };
		461482391FEEBA53006466EE /* ServiceLocator.swift in Sources */ = {isa = PBXBuildFile; fileRef = 461482381FEEBA53006466EE /* ServiceLocator.swift */; };
		4614823B1FEEBF5D006466EE /* GymPoiViewModel.swift in Sources */ = {isa = PBXBuildFile; fileRef = 4614823A1FEEBF5D006466EE /* GymPoiViewModel.swift */; };
		4657C1361FEEDA7B006DE79B /* InfoPlist.strings in Resources */ = {isa = PBXBuildFile; fileRef = 4657C1341FEEDA7B006DE79B /* InfoPlist.strings */; };
		4657C1391FEEE8D9006DE79B /* GymPoiAnnotation.swift in Sources */ = {isa = PBXBuildFile; fileRef = 4657C1381FEEE8D9006DE79B /* GymPoiAnnotation.swift */; };
		4657C13C1FEF1BB3006DE79B /* LocationMonitor.swift in Sources */ = {isa = PBXBuildFile; fileRef = 4657C13B1FEF1BB3006DE79B /* LocationMonitor.swift */; };
		4657C13F1FEF24B3006DE79B /* AppDelegate.swift in Sources */ = {isa = PBXBuildFile; fileRef = 4657C13E1FEF24B3006DE79B /* AppDelegate.swift */; };
		4657C1411FEF24CD006DE79B /* ApplicationInitialiser.swift in Sources */ = {isa = PBXBuildFile; fileRef = 4657C1401FEF24CD006DE79B /* ApplicationInitialiser.swift */; };
		4657C1441FEF2797006DE79B /* ApplicationInitialiserTests.swift in Sources */ = {isa = PBXBuildFile; fileRef = 4657C1431FEF2797006DE79B /* ApplicationInitialiserTests.swift */; };
		469E26BD1FEE8C0D00CB303B /* Assets.xcassets in Resources */ = {isa = PBXBuildFile; fileRef = 469E26BC1FEE8C0D00CB303B /* Assets.xcassets */; };
		46B0C3391FF16F6700BE3261 /* UIView+Layer.swift in Sources */ = {isa = PBXBuildFile; fileRef = 46B0C3381FF16F6700BE3261 /* UIView+Layer.swift */; };
		46B0C33B1FF251D700BE3261 /* Address.swift in Sources */ = {isa = PBXBuildFile; fileRef = 46B0C33A1FF251D700BE3261 /* Address.swift */; };
		46B0C33D1FF251E700BE3261 /* Contacts.swift in Sources */ = {isa = PBXBuildFile; fileRef = 46B0C33C1FF251E700BE3261 /* Contacts.swift */; };
		46B0C33F1FF251F400BE3261 /* OpeningHours.swift in Sources */ = {isa = PBXBuildFile; fileRef = 46B0C33E1FF251F400BE3261 /* OpeningHours.swift */; };
		46B0C3411FF251FE00BE3261 /* OpeningHoursCollection.swift in Sources */ = {isa = PBXBuildFile; fileRef = 46B0C3401FF251FE00BE3261 /* OpeningHoursCollection.swift */; };
		46B0C3491FF2546100BE3261 /* ViewGymDetailsPresenter.swift in Sources */ = {isa = PBXBuildFile; fileRef = 46B0C3431FF2546100BE3261 /* ViewGymDetailsPresenter.swift */; };
		46B0C34B1FF2546100BE3261 /* ViewGymDetailsRouter.swift in Sources */ = {isa = PBXBuildFile; fileRef = 46B0C3451FF2546100BE3261 /* ViewGymDetailsRouter.swift */; };
		46B0C34D1FF2546100BE3261 /* ViewGymDetailsViewController.swift in Sources */ = {isa = PBXBuildFile; fileRef = 46B0C3471FF2546100BE3261 /* ViewGymDetailsViewController.swift */; };
		46B0C34E1FF2546100BE3261 /* ViewGymDetailsInteractor.swift in Sources */ = {isa = PBXBuildFile; fileRef = 46B0C3481FF2546100BE3261 /* ViewGymDetailsInteractor.swift */; };
		46F227C01FEFA1D000DAA174 /* RegionMonitor.swift in Sources */ = {isa = PBXBuildFile; fileRef = 46F227BF1FEFA1D000DAA174 /* RegionMonitor.swift */; };
		46F227C21FEFA1F700DAA174 /* LocationService.swift in Sources */ = {isa = PBXBuildFile; fileRef = 46F227C11FEFA1F700DAA174 /* LocationService.swift */; };
		46F227C51FF0F2F400DAA174 /* NotificationBroadcaster.swift in Sources */ = {isa = PBXBuildFile; fileRef = 46F227C41FF0F2F400DAA174 /* NotificationBroadcaster.swift */; };
/* End PBXBuildFile section */

/* Begin PBXContainerItemProxy section */
		4614822A1FEEB450006466EE /* PBXContainerItemProxy */ = {
			isa = PBXContainerItemProxy;
			containerPortal = 469E26AA1FEE8C0D00CB303B /* Project object */;
			proxyType = 1;
			remoteGlobalIDString = 469E26B11FEE8C0D00CB303B;
			remoteInfo = Bouldering;
		};
/* End PBXContainerItemProxy section */

/* Begin PBXFileReference section */
		460024B01FF1380900D7667C /* GymPoiView.xib */ = {isa = PBXFileReference; lastKnownFileType = file.xib; path = GymPoiView.xib; sourceTree = "<group>"; };
		460024B21FF1384D00D7667C /* GymPoiView.swift */ = {isa = PBXFileReference; lastKnownFileType = sourcecode.swift; path = GymPoiView.swift; sourceTree = "<group>"; };
		460024B51FF14B8700D7667C /* UIView+Nib.swift */ = {isa = PBXFileReference; lastKnownFileType = sourcecode.swift; path = "UIView+Nib.swift"; sourceTree = "<group>"; };
		461482061FEEADBA006466EE /* LaunchScreen.storyboard */ = {isa = PBXFileReference; fileEncoding = 4; lastKnownFileType = file.storyboard; path = LaunchScreen.storyboard; sourceTree = "<group>"; };
		461482071FEEADBB006466EE /* Main.storyboard */ = {isa = PBXFileReference; fileEncoding = 4; lastKnownFileType = file.storyboard; path = Main.storyboard; sourceTree = "<group>"; };
		4614820B1FEEAE0B006466EE /* ViewGymsOnMapPresenter.swift */ = {isa = PBXFileReference; lastKnownFileType = sourcecode.swift; path = ViewGymsOnMapPresenter.swift; sourceTree = "<group>"; };
		4614820D1FEEAE0B006466EE /* ViewGymsOnMapRouter.swift */ = {isa = PBXFileReference; lastKnownFileType = sourcecode.swift; path = ViewGymsOnMapRouter.swift; sourceTree = "<group>"; };
		4614820F1FEEAE0B006466EE /* ViewGymsOnMapViewController.swift */ = {isa = PBXFileReference; lastKnownFileType = sourcecode.swift; path = ViewGymsOnMapViewController.swift; sourceTree = "<group>"; };
		461482101FEEAE0B006466EE /* ViewGymsOnMapInteractor.swift */ = {isa = PBXFileReference; lastKnownFileType = sourcecode.swift; path = ViewGymsOnMapInteractor.swift; sourceTree = "<group>"; };
		4614821A1FEEB348006466EE /* gyms.json */ = {isa = PBXFileReference; fileEncoding = 4; lastKnownFileType = text.json; path = gyms.json; sourceTree = "<group>"; };
		4614821D1FEEB3A3006466EE /* Coordinates.swift */ = {isa = PBXFileReference; lastKnownFileType = sourcecode.swift; path = Coordinates.swift; sourceTree = "<group>"; };
		4614821F1FEEB3B3006466EE /* Gym.swift */ = {isa = PBXFileReference; lastKnownFileType = sourcecode.swift; path = Gym.swift; sourceTree = "<group>"; };
		461482251FEEB450006466EE /* BoulderingTests.xctest */ = {isa = PBXFileReference; explicitFileType = wrapper.cfbundle; includeInIndex = 0; path = BoulderingTests.xctest; sourceTree = BUILT_PRODUCTS_DIR; };
		461482291FEEB450006466EE /* Info.plist */ = {isa = PBXFileReference; lastKnownFileType = text.plist.xml; path = Info.plist; sourceTree = "<group>"; };
		461482321FEEB64A006466EE /* GymsRepository.swift */ = {isa = PBXFileReference; lastKnownFileType = sourcecode.swift; path = GymsRepository.swift; sourceTree = "<group>"; };
		461482351FEEB8EE006466EE /* GymsRepositoryTests.swift */ = {isa = PBXFileReference; lastKnownFileType = sourcecode.swift; path = GymsRepositoryTests.swift; sourceTree = "<group>"; };
		461482381FEEBA53006466EE /* ServiceLocator.swift */ = {isa = PBXFileReference; lastKnownFileType = sourcecode.swift; path = ServiceLocator.swift; sourceTree = "<group>"; };
		4614823A1FEEBF5D006466EE /* GymPoiViewModel.swift */ = {isa = PBXFileReference; lastKnownFileType = sourcecode.swift; path = GymPoiViewModel.swift; sourceTree = "<group>"; };
		4657C1351FEEDA7B006DE79B /* Base */ = {isa = PBXFileReference; lastKnownFileType = text.plist.strings; name = Base; path = Bouldering/Base.lproj/InfoPlist.strings; sourceTree = SOURCE_ROOT; };
		4657C1371FEEDA94006DE79B /* nl */ = {isa = PBXFileReference; lastKnownFileType = text.plist.strings; name = nl; path = ../../nl.lproj/InfoPlist.strings; sourceTree = "<group>"; };
		4657C1381FEEE8D9006DE79B /* GymPoiAnnotation.swift */ = {isa = PBXFileReference; lastKnownFileType = sourcecode.swift; path = GymPoiAnnotation.swift; sourceTree = "<group>"; };
		4657C13B1FEF1BB3006DE79B /* LocationMonitor.swift */ = {isa = PBXFileReference; lastKnownFileType = sourcecode.swift; path = LocationMonitor.swift; sourceTree = "<group>"; };
		4657C13E1FEF24B3006DE79B /* AppDelegate.swift */ = {isa = PBXFileReference; fileEncoding = 4; lastKnownFileType = sourcecode.swift; path = AppDelegate.swift; sourceTree = "<group>"; };
		4657C1401FEF24CD006DE79B /* ApplicationInitialiser.swift */ = {isa = PBXFileReference; lastKnownFileType = sourcecode.swift; path = ApplicationInitialiser.swift; sourceTree = "<group>"; };
		4657C1431FEF2797006DE79B /* ApplicationInitialiserTests.swift */ = {isa = PBXFileReference; lastKnownFileType = sourcecode.swift; path = ApplicationInitialiserTests.swift; sourceTree = "<group>"; };
		469E26B21FEE8C0D00CB303B /* Bouldering.app */ = {isa = PBXFileReference; explicitFileType = wrapper.application; includeInIndex = 0; path = Bouldering.app; sourceTree = BUILT_PRODUCTS_DIR; };
		469E26BC1FEE8C0D00CB303B /* Assets.xcassets */ = {isa = PBXFileReference; lastKnownFileType = folder.assetcatalog; path = Assets.xcassets; sourceTree = "<group>"; };
		469E26C11FEE8C0D00CB303B /* Info.plist */ = {isa = PBXFileReference; lastKnownFileType = text.plist.xml; path = Info.plist; sourceTree = "<group>"; };
		46B0C3381FF16F6700BE3261 /* UIView+Layer.swift */ = {isa = PBXFileReference; lastKnownFileType = sourcecode.swift; path = "UIView+Layer.swift"; sourceTree = "<group>"; };
		46B0C33A1FF251D700BE3261 /* Address.swift */ = {isa = PBXFileReference; lastKnownFileType = sourcecode.swift; path = Address.swift; sourceTree = "<group>"; };
		46B0C33C1FF251E700BE3261 /* Contacts.swift */ = {isa = PBXFileReference; lastKnownFileType = sourcecode.swift; path = Contacts.swift; sourceTree = "<group>"; };
		46B0C33E1FF251F400BE3261 /* OpeningHours.swift */ = {isa = PBXFileReference; lastKnownFileType = sourcecode.swift; path = OpeningHours.swift; sourceTree = "<group>"; };
		46B0C3401FF251FE00BE3261 /* OpeningHoursCollection.swift */ = {isa = PBXFileReference; lastKnownFileType = sourcecode.swift; path = OpeningHoursCollection.swift; sourceTree = "<group>"; };
		46B0C3431FF2546100BE3261 /* ViewGymDetailsPresenter.swift */ = {isa = PBXFileReference; lastKnownFileType = sourcecode.swift; path = ViewGymDetailsPresenter.swift; sourceTree = "<group>"; };
		46B0C3451FF2546100BE3261 /* ViewGymDetailsRouter.swift */ = {isa = PBXFileReference; lastKnownFileType = sourcecode.swift; path = ViewGymDetailsRouter.swift; sourceTree = "<group>"; };
		46B0C3471FF2546100BE3261 /* ViewGymDetailsViewController.swift */ = {isa = PBXFileReference; lastKnownFileType = sourcecode.swift; path = ViewGymDetailsViewController.swift; sourceTree = "<group>"; };
		46B0C3481FF2546100BE3261 /* ViewGymDetailsInteractor.swift */ = {isa = PBXFileReference; lastKnownFileType = sourcecode.swift; path = ViewGymDetailsInteractor.swift; sourceTree = "<group>"; };
		46F227BF1FEFA1D000DAA174 /* RegionMonitor.swift */ = {isa = PBXFileReference; lastKnownFileType = sourcecode.swift; path = RegionMonitor.swift; sourceTree = "<group>"; };
		46F227C11FEFA1F700DAA174 /* LocationService.swift */ = {isa = PBXFileReference; lastKnownFileType = sourcecode.swift; path = LocationService.swift; sourceTree = "<group>"; };
		46F227C41FF0F2F400DAA174 /* NotificationBroadcaster.swift */ = {isa = PBXFileReference; lastKnownFileType = sourcecode.swift; path = NotificationBroadcaster.swift; sourceTree = "<group>"; };
/* End PBXFileReference section */

/* Begin PBXFrameworksBuildPhase section */
		461482221FEEB450006466EE /* Frameworks */ = {
			isa = PBXFrameworksBuildPhase;
			buildActionMask = 2147483647;
			files = (
			);
			runOnlyForDeploymentPostprocessing = 0;
		};
		469E26AF1FEE8C0D00CB303B /* Frameworks */ = {
			isa = PBXFrameworksBuildPhase;
			buildActionMask = 2147483647;
			files = (
			);
			runOnlyForDeploymentPostprocessing = 0;
		};
/* End PBXFrameworksBuildPhase section */

/* Begin PBXGroup section */
		460024B41FF14B6F00D7667C /* Extensions */ = {
			isa = PBXGroup;
			children = (
				460024B51FF14B8700D7667C /* UIView+Nib.swift */,
				46B0C3381FF16F6700BE3261 /* UIView+Layer.swift */,
			);
			path = Extensions;
			sourceTree = "<group>";
		};
		461482031FEEAD8B006466EE /* Scenes */ = {
			isa = PBXGroup;
			children = (
				46B0C3421FF2544400BE3261 /* ViewGymDetails */,
				4614820A1FEEADD8006466EE /* ViewGymsOnMap */,
			);
			path = Scenes;
			sourceTree = "<group>";
		};
		461482041FEEAD94006466EE /* Storyboards */ = {
			isa = PBXGroup;
			children = (
				461482061FEEADBA006466EE /* LaunchScreen.storyboard */,
				461482071FEEADBB006466EE /* Main.storyboard */,
			);
			path = Storyboards;
			sourceTree = "<group>";
		};
		461482051FEEAD9A006466EE /* Common */ = {
			isa = PBXGroup;
			children = (
				4657C13D1FEF2490006DE79B /* Core */,
				4614821C1FEEB38D006466EE /* DomainModels */,
				460024B41FF14B6F00D7667C /* Extensions */,
				461482311FEEB5A2006466EE /* GymsRepository */,
				461482371FEEBA31006466EE /* InversionOfControl */,
				4657C13A1FEF1B94006DE79B /* Locations */,
				46F227C31FF0F24F00DAA174 /* Notifications */,
			);
			path = Common;
			sourceTree = "<group>";
		};
		4614820A1FEEADD8006466EE /* ViewGymsOnMap */ = {
			isa = PBXGroup;
			children = (
				4657C1381FEEE8D9006DE79B /* GymPoiAnnotation.swift */,
				460024B21FF1384D00D7667C /* GymPoiView.swift */,
				460024B01FF1380900D7667C /* GymPoiView.xib */,
				4614823A1FEEBF5D006466EE /* GymPoiViewModel.swift */,
				461482101FEEAE0B006466EE /* ViewGymsOnMapInteractor.swift */,
				4614820B1FEEAE0B006466EE /* ViewGymsOnMapPresenter.swift */,
				4614820D1FEEAE0B006466EE /* ViewGymsOnMapRouter.swift */,
				4614820F1FEEAE0B006466EE /* ViewGymsOnMapViewController.swift */,
			);
			path = ViewGymsOnMap;
			sourceTree = "<group>";
		};
		461482181FEEB325006466EE /* Resources */ = {
			isa = PBXGroup;
			children = (
				461482191FEEB330006466EE /* Files */,
			);
			path = Resources;
			sourceTree = "<group>";
		};
		461482191FEEB330006466EE /* Files */ = {
			isa = PBXGroup;
			children = (
				4614821A1FEEB348006466EE /* gyms.json */,
				4657C1341FEEDA7B006DE79B /* InfoPlist.strings */,
			);
			path = Files;
			sourceTree = "<group>";
		};
		4614821C1FEEB38D006466EE /* DomainModels */ = {
			isa = PBXGroup;
			children = (
				46B0C33A1FF251D700BE3261 /* Address.swift */,
				46B0C33C1FF251E700BE3261 /* Contacts.swift */,
				4614821D1FEEB3A3006466EE /* Coordinates.swift */,
				4614821F1FEEB3B3006466EE /* Gym.swift */,
				46B0C33E1FF251F400BE3261 /* OpeningHours.swift */,
				46B0C3401FF251FE00BE3261 /* OpeningHoursCollection.swift */,
			);
			path = DomainModels;
			sourceTree = "<group>";
		};
		461482261FEEB450006466EE /* BoulderingTests */ = {
			isa = PBXGroup;
			children = (
				4657C1421FEF2783006DE79B /* ApplicationInitialiserTests */,
				461482341FEEB8B1006466EE /* GymsRepositoryTests */,
				461482291FEEB450006466EE /* Info.plist */,
			);
			path = BoulderingTests;
			sourceTree = "<group>";
		};
		461482311FEEB5A2006466EE /* GymsRepository */ = {
			isa = PBXGroup;
			children = (
				461482321FEEB64A006466EE /* GymsRepository.swift */,
			);
			path = GymsRepository;
			sourceTree = "<group>";
		};
		461482341FEEB8B1006466EE /* GymsRepositoryTests */ = {
			isa = PBXGroup;
			children = (
				461482351FEEB8EE006466EE /* GymsRepositoryTests.swift */,
			);
			path = GymsRepositoryTests;
			sourceTree = "<group>";
		};
		461482371FEEBA31006466EE /* InversionOfControl */ = {
			isa = PBXGroup;
			children = (
				461482381FEEBA53006466EE /* ServiceLocator.swift */,
			);
			path = InversionOfControl;
			sourceTree = "<group>";
		};
		4657C13A1FEF1B94006DE79B /* Locations */ = {
			isa = PBXGroup;
			children = (
				4657C13B1FEF1BB3006DE79B /* LocationMonitor.swift */,
				46F227C11FEFA1F700DAA174 /* LocationService.swift */,
				46F227BF1FEFA1D000DAA174 /* RegionMonitor.swift */,
			);
			path = Locations;
			sourceTree = "<group>";
		};
		4657C13D1FEF2490006DE79B /* Core */ = {
			isa = PBXGroup;
			children = (
				4657C13E1FEF24B3006DE79B /* AppDelegate.swift */,
				4657C1401FEF24CD006DE79B /* ApplicationInitialiser.swift */,
			);
			path = Core;
			sourceTree = "<group>";
		};
		4657C1421FEF2783006DE79B /* ApplicationInitialiserTests */ = {
			isa = PBXGroup;
			children = (
				4657C1431FEF2797006DE79B /* ApplicationInitialiserTests.swift */,
			);
			path = ApplicationInitialiserTests;
			sourceTree = "<group>";
		};
		469E26A91FEE8C0D00CB303B = {
			isa = PBXGroup;
			children = (
				469E26B41FEE8C0D00CB303B /* Bouldering */,
				461482261FEEB450006466EE /* BoulderingTests */,
				469E26B31FEE8C0D00CB303B /* Products */,
			);
			sourceTree = "<group>";
		};
		469E26B31FEE8C0D00CB303B /* Products */ = {
			isa = PBXGroup;
			children = (
				469E26B21FEE8C0D00CB303B /* Bouldering.app */,
				461482251FEEB450006466EE /* BoulderingTests.xctest */,
			);
			name = Products;
			sourceTree = "<group>";
		};
		469E26B41FEE8C0D00CB303B /* Bouldering */ = {
			isa = PBXGroup;
			children = (
				469E26BC1FEE8C0D00CB303B /* Assets.xcassets */,
				469E26C11FEE8C0D00CB303B /* Info.plist */,
				461482051FEEAD9A006466EE /* Common */,
				461482181FEEB325006466EE /* Resources */,
				461482031FEEAD8B006466EE /* Scenes */,
				461482041FEEAD94006466EE /* Storyboards */,
			);
			path = Bouldering;
			sourceTree = "<group>";
		};
		46B0C3421FF2544400BE3261 /* ViewGymDetails */ = {
			isa = PBXGroup;
			children = (
				46B0C3431FF2546100BE3261 /* ViewGymDetailsPresenter.swift */,
				46B0C3451FF2546100BE3261 /* ViewGymDetailsRouter.swift */,
				46B0C3471FF2546100BE3261 /* ViewGymDetailsViewController.swift */,
				46B0C3481FF2546100BE3261 /* ViewGymDetailsInteractor.swift */,
			);
			path = ViewGymDetails;
			sourceTree = "<group>";
		};
		46F227C31FF0F24F00DAA174 /* Notifications */ = {
			isa = PBXGroup;
			children = (
				46F227C41FF0F2F400DAA174 /* NotificationBroadcaster.swift */,
			);
			path = Notifications;
			sourceTree = "<group>";
		};
/* End PBXGroup section */

/* Begin PBXNativeTarget section */
		461482241FEEB450006466EE /* BoulderingTests */ = {
			isa = PBXNativeTarget;
			buildConfigurationList = 4614822C1FEEB450006466EE /* Build configuration list for PBXNativeTarget "BoulderingTests" */;
			buildPhases = (
				461482211FEEB450006466EE /* Sources */,
				461482221FEEB450006466EE /* Frameworks */,
				461482231FEEB450006466EE /* Resources */,
			);
			buildRules = (
			);
			dependencies = (
				4614822B1FEEB450006466EE /* PBXTargetDependency */,
			);
			name = BoulderingTests;
			productName = BoulderingTests;
			productReference = 461482251FEEB450006466EE /* BoulderingTests.xctest */;
			productType = "com.apple.product-type.bundle.unit-test";
		};
		469E26B11FEE8C0D00CB303B /* Bouldering */ = {
			isa = PBXNativeTarget;
			buildConfigurationList = 469E26C41FEE8C0D00CB303B /* Build configuration list for PBXNativeTarget "Bouldering" */;
			buildPhases = (
				469E26AE1FEE8C0D00CB303B /* Sources */,
				469E26AF1FEE8C0D00CB303B /* Frameworks */,
				469E26B01FEE8C0D00CB303B /* Resources */,
				461482171FEEAE2C006466EE /* Run Script - Swiftlint */,
			);
			buildRules = (
			);
			dependencies = (
			);
			name = Bouldering;
			productName = Bouldering;
			productReference = 469E26B21FEE8C0D00CB303B /* Bouldering.app */;
			productType = "com.apple.product-type.application";
		};
/* End PBXNativeTarget section */

/* Begin PBXProject section */
		469E26AA1FEE8C0D00CB303B /* Project object */ = {
			isa = PBXProject;
			attributes = {
				LastSwiftUpdateCheck = 0920;
				LastUpgradeCheck = 0920;
				ORGANIZATIONNAME = Mobairu;
				TargetAttributes = {
					461482241FEEB450006466EE = {
						CreatedOnToolsVersion = 9.2;
						LastSwiftMigration = 0920;
						ProvisioningStyle = Automatic;
						TestTargetID = 469E26B11FEE8C0D00CB303B;
					};
					469E26B11FEE8C0D00CB303B = {
						CreatedOnToolsVersion = 9.2;
						ProvisioningStyle = Automatic;
						SystemCapabilities = {
							com.apple.BackgroundModes = {
								enabled = 1;
							};
						};
					};
				};
			};
			buildConfigurationList = 469E26AD1FEE8C0D00CB303B /* Build configuration list for PBXProject "Bouldering" */;
			compatibilityVersion = "Xcode 8.0";
			developmentRegion = en;
			hasScannedForEncodings = 0;
			knownRegions = (
				en,
				Base,
				nl,
			);
			mainGroup = 469E26A91FEE8C0D00CB303B;
			productRefGroup = 469E26B31FEE8C0D00CB303B /* Products */;
			projectDirPath = "";
			projectRoot = "";
			targets = (
				469E26B11FEE8C0D00CB303B /* Bouldering */,
				461482241FEEB450006466EE /* BoulderingTests */,
			);
		};
/* End PBXProject section */

/* Begin PBXResourcesBuildPhase section */
		461482231FEEB450006466EE /* Resources */ = {
			isa = PBXResourcesBuildPhase;
			buildActionMask = 2147483647;
			files = (
			);
			runOnlyForDeploymentPostprocessing = 0;
		};
		469E26B01FEE8C0D00CB303B /* Resources */ = {
			isa = PBXResourcesBuildPhase;
			buildActionMask = 2147483647;
			files = (
				461482091FEEADBB006466EE /* Main.storyboard in Resources */,
				4614821B1FEEB348006466EE /* gyms.json in Resources */,
				460024B11FF1380900D7667C /* GymPoiView.xib in Resources */,
				469E26BD1FEE8C0D00CB303B /* Assets.xcassets in Resources */,
				461482081FEEADBB006466EE /* LaunchScreen.storyboard in Resources */,
				4657C1361FEEDA7B006DE79B /* InfoPlist.strings in Resources */,
			);
			runOnlyForDeploymentPostprocessing = 0;
		};
/* End PBXResourcesBuildPhase section */

/* Begin PBXShellScriptBuildPhase section */
		461482171FEEAE2C006466EE /* Run Script - Swiftlint */ = {
			isa = PBXShellScriptBuildPhase;
			buildActionMask = 2147483647;
			files = (
			);
			inputPaths = (
			);
			name = "Run Script - Swiftlint";
			outputPaths = (
			);
			runOnlyForDeploymentPostprocessing = 0;
			shellPath = /bin/sh;
			shellScript = "if which swiftlint >/dev/null; then\nswiftlint lint --config .swiftlint.yml\nelse\necho \"warning: SwiftLint not installed, download from https://github.com/realm/SwiftLint\"\nfi";
		};
/* End PBXShellScriptBuildPhase section */

/* Begin PBXSourcesBuildPhase section */
		461482211FEEB450006466EE /* Sources */ = {
			isa = PBXSourcesBuildPhase;
			buildActionMask = 2147483647;
			files = (
				4657C1441FEF2797006DE79B /* ApplicationInitialiserTests.swift in Sources */,
				461482361FEEB8EE006466EE /* GymsRepositoryTests.swift in Sources */,
			);
			runOnlyForDeploymentPostprocessing = 0;
		};
		469E26AE1FEE8C0D00CB303B /* Sources */ = {
			isa = PBXSourcesBuildPhase;
			buildActionMask = 2147483647;
			files = (
				46B0C3411FF251FE00BE3261 /* OpeningHoursCollection.swift in Sources */,
				4657C13F1FEF24B3006DE79B /* AppDelegate.swift in Sources */,
				46B0C34D1FF2546100BE3261 /* ViewGymDetailsViewController.swift in Sources */,
				461482391FEEBA53006466EE /* ServiceLocator.swift in Sources */,
				460024B61FF14B8700D7667C /* UIView+Nib.swift in Sources */,
				461482161FEEAE0B006466EE /* ViewGymsOnMapInteractor.swift in Sources */,
				46B0C34B1FF2546100BE3261 /* ViewGymDetailsRouter.swift in Sources */,
				46B0C33F1FF251F400BE3261 /* OpeningHours.swift in Sources */,
				461482111FEEAE0B006466EE /* ViewGymsOnMapPresenter.swift in Sources */,
				461482151FEEAE0B006466EE /* ViewGymsOnMapViewController.swift in Sources */,
				461482331FEEB64A006466EE /* GymsRepository.swift in Sources */,
				4657C1411FEF24CD006DE79B /* ApplicationInitialiser.swift in Sources */,
				46F227C21FEFA1F700DAA174 /* LocationService.swift in Sources */,
				4614821E1FEEB3A3006466EE /* Coordinates.swift in Sources */,
				4657C1391FEEE8D9006DE79B /* GymPoiAnnotation.swift in Sources */,
				461482201FEEB3B3006466EE /* Gym.swift in Sources */,
				46F227C51FF0F2F400DAA174 /* NotificationBroadcaster.swift in Sources */,
				4657C13C1FEF1BB3006DE79B /* LocationMonitor.swift in Sources */,
				46B0C33B1FF251D700BE3261 /* Address.swift in Sources */,
				46B0C3391FF16F6700BE3261 /* UIView+Layer.swift in Sources */,
				46B0C34E1FF2546100BE3261 /* ViewGymDetailsInteractor.swift in Sources */,
				4614823B1FEEBF5D006466EE /* GymPoiViewModel.swift in Sources */,
				46F227C01FEFA1D000DAA174 /* RegionMonitor.swift in Sources */,
				461482131FEEAE0B006466EE /* ViewGymsOnMapRouter.swift in Sources */,
				460024B31FF1384D00D7667C /* GymPoiView.swift in Sources */,
				46B0C3491FF2546100BE3261 /* ViewGymDetailsPresenter.swift in Sources */,
				46B0C33D1FF251E700BE3261 /* Contacts.swift in Sources */,
			);
			runOnlyForDeploymentPostprocessing = 0;
		};
/* End PBXSourcesBuildPhase section */

/* Begin PBXTargetDependency section */
		4614822B1FEEB450006466EE /* PBXTargetDependency */ = {
			isa = PBXTargetDependency;
			target = 469E26B11FEE8C0D00CB303B /* Bouldering */;
			targetProxy = 4614822A1FEEB450006466EE /* PBXContainerItemProxy */;
		};
/* End PBXTargetDependency section */

/* Begin PBXVariantGroup section */
		4657C1341FEEDA7B006DE79B /* InfoPlist.strings */ = {
			isa = PBXVariantGroup;
			children = (
				4657C1351FEEDA7B006DE79B /* Base */,
				4657C1371FEEDA94006DE79B /* nl */,
			);
			name = InfoPlist.strings;
			sourceTree = "<group>";
		};
/* End PBXVariantGroup section */

/* Begin XCBuildConfiguration section */
		4614822D1FEEB450006466EE /* Debug */ = {
			isa = XCBuildConfiguration;
			buildSettings = {
				BUNDLE_LOADER = "$(TEST_HOST)";
				CLANG_ENABLE_MODULES = YES;
				CODE_SIGN_STYLE = Automatic;
				DEVELOPMENT_TEAM = N2JNQ4GB55;
				INFOPLIST_FILE = BoulderingTests/Info.plist;
				LD_RUNPATH_SEARCH_PATHS = "$(inherited) @executable_path/Frameworks @loader_path/Frameworks";
				PRODUCT_BUNDLE_IDENTIFIER = nl.mpsam.bouldering.BoulderingTests;
				PRODUCT_NAME = "$(TARGET_NAME)";
				SWIFT_OPTIMIZATION_LEVEL = "-Onone";
				SWIFT_VERSION = 4.0;
				TARGETED_DEVICE_FAMILY = "1,2";
				TEST_HOST = "$(BUILT_PRODUCTS_DIR)/Bouldering.app/Bouldering";
			};
			name = Debug;
		};
		4614822E1FEEB450006466EE /* Release */ = {
			isa = XCBuildConfiguration;
			buildSettings = {
				BUNDLE_LOADER = "$(TEST_HOST)";
				CLANG_ENABLE_MODULES = YES;
				CODE_SIGN_STYLE = Automatic;
				DEVELOPMENT_TEAM = N2JNQ4GB55;
				INFOPLIST_FILE = BoulderingTests/Info.plist;
				LD_RUNPATH_SEARCH_PATHS = "$(inherited) @executable_path/Frameworks @loader_path/Frameworks";
				PRODUCT_BUNDLE_IDENTIFIER = nl.mpsam.bouldering.BoulderingTests;
				PRODUCT_NAME = "$(TARGET_NAME)";
				SWIFT_VERSION = 4.0;
				TARGETED_DEVICE_FAMILY = "1,2";
				TEST_HOST = "$(BUILT_PRODUCTS_DIR)/Bouldering.app/Bouldering";
			};
			name = Release;
		};
		469E26C21FEE8C0D00CB303B /* Debug */ = {
			isa = XCBuildConfiguration;
			buildSettings = {
				ALWAYS_SEARCH_USER_PATHS = NO;
				CLANG_ANALYZER_LOCALIZABILITY_NONLOCALIZED = YES;
				CLANG_ANALYZER_NONNULL = YES;
				CLANG_ANALYZER_NUMBER_OBJECT_CONVERSION = YES_AGGRESSIVE;
				CLANG_CXX_LANGUAGE_STANDARD = "gnu++14";
				CLANG_CXX_LIBRARY = "libc++";
				CLANG_ENABLE_MODULES = YES;
				CLANG_ENABLE_OBJC_ARC = YES;
				CLANG_WARN_BLOCK_CAPTURE_AUTORELEASING = YES;
				CLANG_WARN_BOOL_CONVERSION = YES;
				CLANG_WARN_COMMA = YES;
				CLANG_WARN_CONSTANT_CONVERSION = YES;
				CLANG_WARN_DIRECT_OBJC_ISA_USAGE = YES_ERROR;
				CLANG_WARN_DOCUMENTATION_COMMENTS = YES;
				CLANG_WARN_EMPTY_BODY = YES;
				CLANG_WARN_ENUM_CONVERSION = YES;
				CLANG_WARN_INFINITE_RECURSION = YES;
				CLANG_WARN_INT_CONVERSION = YES;
				CLANG_WARN_NON_LITERAL_NULL_CONVERSION = YES;
				CLANG_WARN_OBJC_LITERAL_CONVERSION = YES;
				CLANG_WARN_OBJC_ROOT_CLASS = YES_ERROR;
				CLANG_WARN_RANGE_LOOP_ANALYSIS = YES;
				CLANG_WARN_STRICT_PROTOTYPES = YES;
				CLANG_WARN_SUSPICIOUS_MOVE = YES;
				CLANG_WARN_UNGUARDED_AVAILABILITY = YES_AGGRESSIVE;
				CLANG_WARN_UNREACHABLE_CODE = YES;
				CLANG_WARN__DUPLICATE_METHOD_MATCH = YES;
				CODE_SIGN_IDENTITY = "iPhone Developer";
				COPY_PHASE_STRIP = NO;
				DEBUG_INFORMATION_FORMAT = dwarf;
				ENABLE_STRICT_OBJC_MSGSEND = YES;
				ENABLE_TESTABILITY = YES;
				GCC_C_LANGUAGE_STANDARD = gnu11;
				GCC_DYNAMIC_NO_PIC = NO;
				GCC_NO_COMMON_BLOCKS = YES;
				GCC_OPTIMIZATION_LEVEL = 0;
				GCC_PREPROCESSOR_DEFINITIONS = (
					"DEBUG=1",
					"$(inherited)",
				);
				GCC_WARN_64_TO_32_BIT_CONVERSION = YES;
				GCC_WARN_ABOUT_RETURN_TYPE = YES_ERROR;
				GCC_WARN_UNDECLARED_SELECTOR = YES;
				GCC_WARN_UNINITIALIZED_AUTOS = YES_AGGRESSIVE;
				GCC_WARN_UNUSED_FUNCTION = YES;
				GCC_WARN_UNUSED_VARIABLE = YES;
				IPHONEOS_DEPLOYMENT_TARGET = 11.2;
				MTL_ENABLE_DEBUG_INFO = YES;
				ONLY_ACTIVE_ARCH = YES;
				SDKROOT = iphoneos;
				SWIFT_ACTIVE_COMPILATION_CONDITIONS = DEBUG;
				SWIFT_OPTIMIZATION_LEVEL = "-Onone";
				SWIFT_WHOLE_MODULE_OPTIMIZATION = YES;
			};
			name = Debug;
		};
		469E26C31FEE8C0D00CB303B /* Release */ = {
			isa = XCBuildConfiguration;
			buildSettings = {
				ALWAYS_SEARCH_USER_PATHS = NO;
				CLANG_ANALYZER_LOCALIZABILITY_NONLOCALIZED = YES;
				CLANG_ANALYZER_NONNULL = YES;
				CLANG_ANALYZER_NUMBER_OBJECT_CONVERSION = YES_AGGRESSIVE;
				CLANG_CXX_LANGUAGE_STANDARD = "gnu++14";
				CLANG_CXX_LIBRARY = "libc++";
				CLANG_ENABLE_MODULES = YES;
				CLANG_ENABLE_OBJC_ARC = YES;
				CLANG_WARN_BLOCK_CAPTURE_AUTORELEASING = YES;
				CLANG_WARN_BOOL_CONVERSION = YES;
				CLANG_WARN_COMMA = YES;
				CLANG_WARN_CONSTANT_CONVERSION = YES;
				CLANG_WARN_DIRECT_OBJC_ISA_USAGE = YES_ERROR;
				CLANG_WARN_DOCUMENTATION_COMMENTS = YES;
				CLANG_WARN_EMPTY_BODY = YES;
				CLANG_WARN_ENUM_CONVERSION = YES;
				CLANG_WARN_INFINITE_RECURSION = YES;
				CLANG_WARN_INT_CONVERSION = YES;
				CLANG_WARN_NON_LITERAL_NULL_CONVERSION = YES;
				CLANG_WARN_OBJC_LITERAL_CONVERSION = YES;
				CLANG_WARN_OBJC_ROOT_CLASS = YES_ERROR;
				CLANG_WARN_RANGE_LOOP_ANALYSIS = YES;
				CLANG_WARN_STRICT_PROTOTYPES = YES;
				CLANG_WARN_SUSPICIOUS_MOVE = YES;
				CLANG_WARN_UNGUARDED_AVAILABILITY = YES_AGGRESSIVE;
				CLANG_WARN_UNREACHABLE_CODE = YES;
				CLANG_WARN__DUPLICATE_METHOD_MATCH = YES;
				CODE_SIGN_IDENTITY = "iPhone Developer";
				COPY_PHASE_STRIP = NO;
				DEBUG_INFORMATION_FORMAT = "dwarf-with-dsym";
				ENABLE_NS_ASSERTIONS = NO;
				ENABLE_STRICT_OBJC_MSGSEND = YES;
				GCC_C_LANGUAGE_STANDARD = gnu11;
				GCC_NO_COMMON_BLOCKS = YES;
				GCC_WARN_64_TO_32_BIT_CONVERSION = YES;
				GCC_WARN_ABOUT_RETURN_TYPE = YES_ERROR;
				GCC_WARN_UNDECLARED_SELECTOR = YES;
				GCC_WARN_UNINITIALIZED_AUTOS = YES_AGGRESSIVE;
				GCC_WARN_UNUSED_FUNCTION = YES;
				GCC_WARN_UNUSED_VARIABLE = YES;
				IPHONEOS_DEPLOYMENT_TARGET = 11.2;
				MTL_ENABLE_DEBUG_INFO = NO;
				SDKROOT = iphoneos;
				SWIFT_OPTIMIZATION_LEVEL = "-Owholemodule";
				SWIFT_WHOLE_MODULE_OPTIMIZATION = YES;
				VALIDATE_PRODUCT = YES;
			};
			name = Release;
		};
		469E26C51FEE8C0D00CB303B /* Debug */ = {
			isa = XCBuildConfiguration;
			buildSettings = {
				ASSETCATALOG_COMPILER_APPICON_NAME = AppIcon;
				CODE_SIGN_STYLE = Automatic;
				DEVELOPMENT_TEAM = N2JNQ4GB55;
				INFOPLIST_FILE = Bouldering/Info.plist;
				LD_RUNPATH_SEARCH_PATHS = "$(inherited) @executable_path/Frameworks";
				PRODUCT_BUNDLE_IDENTIFIER = nl.mpsam.bouldering;
				PRODUCT_NAME = "$(TARGET_NAME)";
				SWIFT_VERSION = 4.0;
				TARGETED_DEVICE_FAMILY = 1;
			};
			name = Debug;
		};
		469E26C61FEE8C0D00CB303B /* Release */ = {
			isa = XCBuildConfiguration;
			buildSettings = {
				ASSETCATALOG_COMPILER_APPICON_NAME = AppIcon;
				CODE_SIGN_STYLE = Automatic;
				DEVELOPMENT_TEAM = N2JNQ4GB55;
				INFOPLIST_FILE = Bouldering/Info.plist;
				LD_RUNPATH_SEARCH_PATHS = "$(inherited) @executable_path/Frameworks";
				PRODUCT_BUNDLE_IDENTIFIER = nl.mpsam.bouldering;
				PRODUCT_NAME = "$(TARGET_NAME)";
				SWIFT_VERSION = 4.0;
				TARGETED_DEVICE_FAMILY = 1;
			};
			name = Release;
		};
/* End XCBuildConfiguration section */

/* Begin XCConfigurationList section */
		4614822C1FEEB450006466EE /* Build configuration list for PBXNativeTarget "BoulderingTests" */ = {
			isa = XCConfigurationList;
			buildConfigurations = (
				4614822D1FEEB450006466EE /* Debug */,
				4614822E1FEEB450006466EE /* Release */,
			);
			defaultConfigurationIsVisible = 0;
			defaultConfigurationName = Release;
		};
		469E26AD1FEE8C0D00CB303B /* Build configuration list for PBXProject "Bouldering" */ = {
			isa = XCConfigurationList;
			buildConfigurations = (
				469E26C21FEE8C0D00CB303B /* Debug */,
				469E26C31FEE8C0D00CB303B /* Release */,
			);
			defaultConfigurationIsVisible = 0;
			defaultConfigurationName = Release;
		};
		469E26C41FEE8C0D00CB303B /* Build configuration list for PBXNativeTarget "Bouldering" */ = {
			isa = XCConfigurationList;
			buildConfigurations = (
				469E26C51FEE8C0D00CB303B /* Debug */,
				469E26C61FEE8C0D00CB303B /* Release */,
			);
			defaultConfigurationIsVisible = 0;
			defaultConfigurationName = Release;
		};
/* End XCConfigurationList section */
	};
	rootObject = 469E26AA1FEE8C0D00CB303B /* Project object */;
}
